version = 1
revision = 1
requires-python = ">=3.13"

[[package]]
name = "anyio"
version = "4.8.0"
source = { registry = "https://pypi.org/simple" }
dependencies = [
    { name = "idna" },
    { name = "sniffio" },
]
sdist = { url = "https://files.pythonhosted.org/packages/a3/73/199a98fc2dae33535d6b8e8e6ec01f8c1d76c9adb096c6b7d64823038cde/anyio-4.8.0.tar.gz", hash = "sha256:1d9fe889df5212298c0c0723fa20479d1b94883a2df44bd3897aa91083316f7a", size = 181126 }
wheels = [
    { url = "https://files.pythonhosted.org/packages/46/eb/e7f063ad1fec6b3178a3cd82d1a3c4de82cccf283fc42746168188e1cdd5/anyio-4.8.0-py3-none-any.whl", hash = "sha256:b5011f270ab5eb0abf13385f851315585cc37ef330dd88e27ec3d34d651fd47a", size = 96041 },
]

[[package]]
name = "asyncclick"
version = "8.1.8"
source = { registry = "https://pypi.org/simple" }
dependencies = [
    { name = "anyio" },
    { name = "colorama", marker = "sys_platform == 'win32'" },
]
sdist = { url = "https://files.pythonhosted.org/packages/cb/b5/e1e5fdf1c1bb7e6e614987c120a98d9324bf8edfaa5f5cd16a6235c9d91b/asyncclick-8.1.8.tar.gz", hash = "sha256:0f0eb0f280e04919d67cf71b9fcdfb4db2d9ff7203669c40284485c149578e4c", size = 232900 }
wheels = [
    { url = "https://files.pythonhosted.org/packages/14/cc/a436f0fc2d04e57a0697e0f87a03b9eaed03ad043d2d5f887f8eebcec95f/asyncclick-8.1.8-py3-none-any.whl", hash = "sha256:eb1ccb44bc767f8f0695d592c7806fdf5bd575605b4ee246ffd5fadbcfdbd7c6", size = 99093 },
    { url = "https://files.pythonhosted.org/packages/92/c4/ae9e9d25522c6dc96ff167903880a0fe94d7bd31ed999198ee5017d977ed/asyncclick-8.1.8.0-py3-none-any.whl", hash = "sha256:be146a2d8075d4fe372ff4e877f23c8b5af269d16705c1948123b9415f6fd678", size = 99115 },
]

[[package]]
name = "colorama"
version = "0.4.6"
source = { registry = "https://pypi.org/simple" }
sdist = { url = "https://files.pythonhosted.org/packages/d8/53/6f443c9a4a8358a93a6792e2acffb9d9d5cb0a5cfd8802644b7b1c9a02e4/colorama-0.4.6.tar.gz", hash = "sha256:08695f5cb7ed6e0531a20572697297273c47b8cae5a63ffc6d6ed5c201be6e44", size = 27697 }
wheels = [
    { url = "https://files.pythonhosted.org/packages/d1/d6/3965ed04c63042e047cb6a3e6ed1a63a35087b6a609aa3a15ed8ac56c221/colorama-0.4.6-py2.py3-none-any.whl", hash = "sha256:4f1d9991f5acc0ca119f9d443620b77f9d6b33703e51011c16baf57afb285fc6", size = 25335 },
]

[[package]]
name = "idna"
version = "3.10"
source = { registry = "https://pypi.org/simple" }
sdist = { url = "https://files.pythonhosted.org/packages/f1/70/7703c29685631f5a7590aa73f1f1d3fa9a380e654b86af429e0934a32f7d/idna-3.10.tar.gz", hash = "sha256:12f65c9b470abda6dc35cf8e63cc574b1c52b11df2c86030af0ac09b01b13ea9", size = 190490 }
wheels = [
    { url = "https://files.pythonhosted.org/packages/76/c6/c88e154df9c4e1a2a66ccf0005a88dfb2650c1dffb6f5ce603dfbd452ce3/idna-3.10-py3-none-any.whl", hash = "sha256:946d195a0d259cbba61165e88e65941f16e9b36ea6ddb97f00452bae8b1287d3", size = 70442 },
]

[[package]]
name = "pyserial"
version = "3.5"
source = { registry = "https://pypi.org/simple" }
sdist = { url = "https://files.pythonhosted.org/packages/1e/7d/ae3f0a63f41e4d2f6cb66a5b57197850f919f59e558159a4dd3a818f5082/pyserial-3.5.tar.gz", hash = "sha256:3c77e014170dfffbd816e6ffc205e9842efb10be9f58ec16d3e8675b4925cddb", size = 159125 }
wheels = [
    { url = "https://files.pythonhosted.org/packages/07/bc/587a445451b253b285629263eb51c2d8e9bcea4fc97826266d186f96f558/pyserial-3.5-py2.py3-none-any.whl", hash = "sha256:c4451db6ba391ca6ca299fb3ec7bae67a5c55dde170964c7a14ceefec02f2cf0", size = 90585 },
]

[[package]]
name = "python-osc"
version = "1.9.3"
source = { registry = "https://pypi.org/simple" }
sdist = { url = "https://files.pythonhosted.org/packages/1e/6e/770a91c92e4e8db6213764fb78531dd26a4982000d9b325881f3599835e2/python_osc-1.9.3.tar.gz", hash = "sha256:bd0fa40def43ce509894709feb0e18f02192aca192c5e6c8fe2ba69e58f21794", size = 33328 }
wheels = [
    { url = "https://files.pythonhosted.org/packages/57/04/01b3de6a7565cfc20f3bf4fce959b099ad30a08157865436d48cc02f6c08/python_osc-1.9.3-py3-none-any.whl", hash = "sha256:7def2075be72f07bae5a4c1a55cc7d907b247f4a5d910f3159ed30ac2b1f17cc", size = 43808 },
]

[[package]]
name = "ruff"
version = "0.11.1"
source = { registry = "https://pypi.org/simple" }
sdist = { url = "https://files.pythonhosted.org/packages/a0/ab/be73f46695c350147ffbfd98d42f34bfe370e6b4146bb0bfdc5b3c636fc7/ruff-0.11.1.tar.gz", hash = "sha256:f2e209a283c9fa423e268cad015ec4fb249178608f755fb67491ff175ecbffbf", size = 3850423 }
wheels = [
    { url = "https://files.pythonhosted.org/packages/de/09/fa72b32fb7a1f670c8d3cb925910447c496117850c6aa1601365ad11cd00/ruff-0.11.1-py3-none-linux_armv6l.whl", hash = "sha256:9c833671aaefcbe280aa54da387264402ffbb1e513ff3420c9c7265ea56d6c5c", size = 10114855 },
    { url = "https://files.pythonhosted.org/packages/fa/c2/544da7ee0bf0a28117218065ccac69683d8d7a885544e6c84076cf72351b/ruff-0.11.1-py3-none-macosx_10_12_x86_64.whl", hash = "sha256:a5a57cd457764228c73066b832040728b02a3837c53c8a781a960b68129c4e0b", size = 10870287 },
    { url = "https://files.pythonhosted.org/packages/ee/56/0d1c0a3f3ab644e813f365c7eee5d0f9b75e755c5642400cd6ad7070f730/ruff-0.11.1-py3-none-macosx_11_0_arm64.whl", hash = "sha256:da91da0d42e70cd8bda8e6687fab2afd28513a3cc9434539f4149610e63baf8f", size = 10223642 },
    { url = "https://files.pythonhosted.org/packages/d6/7c/88f06c23018ca02b8b0f78b62e4c701faa2ef6413d9f5e82277bc094d2e9/ruff-0.11.1-py3-none-manylinux_2_17_aarch64.manylinux2014_aarch64.whl", hash = "sha256:429a2e533e3a0dba2ba7e0608a736e728150aa9b6d179245aa11a1339baa968b", size = 10384382 },
    { url = "https://files.pythonhosted.org/packages/67/55/15d2a355e4c64a712938df4c650d7239128865981eb8314a49782a53ef45/ruff-0.11.1-py3-none-manylinux_2_17_armv7l.manylinux2014_armv7l.whl", hash = "sha256:6bbcc2984a4d5cbc0f7b10409e74a00a043be45d813e5e81eb58e707455df7f1", size = 9965192 },
    { url = "https://files.pythonhosted.org/packages/39/e8/4312a514fac213e90e5b45120339dbaa95a396f4cf3ab740e757fed4fa35/ruff-0.11.1-py3-none-manylinux_2_17_i686.manylinux2014_i686.whl", hash = "sha256:88d9c283ebc88faa5bc23fa33f399b6d47a93f5980c92edcddf1f2127aa376b3", size = 11563312 },
    { url = "https://files.pythonhosted.org/packages/69/ff/4da09bea58e1d784f45169fd281643422727a1c0776802cd6d4b42a0037d/ruff-0.11.1-py3-none-manylinux_2_17_ppc64.manylinux2014_ppc64.whl", hash = "sha256:1f2b03d504516d6b22065ce7fac2564dac15d79a6a776452dabfdd7673a45b07", size = 12223815 },
    { url = "https://files.pythonhosted.org/packages/ec/ba/7e3550f1478a53c4f7efcb0c31a03256eb032a871026da61324ad06dcd0b/ruff-0.11.1-py3-none-manylinux_2_17_ppc64le.manylinux2014_ppc64le.whl", hash = "sha256:52b95a9071f5ad8552af890bd814c6a04daf5b27297ac1054e3667016f3ab739", size = 11662551 },
    { url = "https://files.pythonhosted.org/packages/7d/69/7e2f1c8a0c76de18f9c054382d31c6d5f9b55a3e476b2630fefe289d31a6/ruff-0.11.1-py3-none-manylinux_2_17_s390x.manylinux2014_s390x.whl", hash = "sha256:28e2d89e7ba8a1525cdb50bc86c07aba35e7bbeef86dad93781b14ad94dc732c", size = 13792940 },
    { url = "https://files.pythonhosted.org/packages/02/4b/14f54bbf8f8dd03cb9a8a0294e7de1dc41f3be1806af07b8a104761db597/ruff-0.11.1-py3-none-manylinux_2_17_x86_64.manylinux2014_x86_64.whl", hash = "sha256:e76be5a98dc6c29d85dfa72eb419e8d9276ee96ccf5c33f2b6828001907dcb17", size = 11328700 },
    { url = "https://files.pythonhosted.org/packages/f5/0c/40c1ba7e9a8c2c7325267c214746b80da1b54fb7e70a9265608213f4b2fb/ruff-0.11.1-py3-none-musllinux_1_2_aarch64.whl", hash = "sha256:441f94c44fe250691c92382ef84f40acef290766fb3e819a9035e83eadd4dbbe", size = 10272650 },
    { url = "https://files.pythonhosted.org/packages/a3/27/f86b786e0153c5b52768370f395086c4523dee1af37757a8ef73779b9fbd/ruff-0.11.1-py3-none-musllinux_1_2_armv7l.whl", hash = "sha256:62882a4cc7c0a48c2f34189bd4c7ba45f3d0efb990e02413eeb180aa042a39ca", size = 9973454 },
    { url = "https://files.pythonhosted.org/packages/ab/46/47bf0c7ee80b0476226865d724ee7682323a2cb20aa5d134b8a665f58793/ruff-0.11.1-py3-none-musllinux_1_2_i686.whl", hash = "sha256:111dbad1706d8200a7138237b4766b45ba7ee45cc8299c02102f4327624f86a2", size = 10975303 },
    { url = "https://files.pythonhosted.org/packages/9d/9d/deea8ece99f31aef07f378f83b5571baca74dff0d28fec720e54b171b862/ruff-0.11.1-py3-none-musllinux_1_2_x86_64.whl", hash = "sha256:e2df41763d7a9fd438b6b7bde7b75eb3a92ef2f4682ed2d8e4b997b5f0c76ca9", size = 11402605 },
    { url = "https://files.pythonhosted.org/packages/b8/8c/f11e21f4a5ce0858c35745d43e9a5abd870ed33e151ada23c124bf433e71/ruff-0.11.1-py3-none-win32.whl", hash = "sha256:e17b85919d461583aa7e0171bb4f419a6545b261ca080984db49b1f8dced1d4b", size = 10335500 },
    { url = "https://files.pythonhosted.org/packages/21/c9/ac2784bad48c7a8702d2f13851b69b2a08534b59657ee2b724f42aaaf861/ruff-0.11.1-py3-none-win_amd64.whl", hash = "sha256:caa872941b876f7ad73abc60144f9a7f6efb575e4f91c4fc1517f0339bcea01e", size = 11365097 },
    { url = "https://files.pythonhosted.org/packages/9e/7d/f37251c102cf155cdf664322f1f362f4fd8fe1eb6870e9154255d3cbf0d8/ruff-0.11.1-py3-none-win_arm64.whl", hash = "sha256:7aa939fa57ef6770d18bd5cf0d6de77198dd762a559bd0d4a8763bdae4c8cc16", size = 10510306 },
]

[[package]]
name = "sniffio"
version = "1.3.1"
source = { registry = "https://pypi.org/simple" }
sdist = { url = "https://files.pythonhosted.org/packages/a2/87/a6771e1546d97e7e041b6ae58d80074f81b7d5121207425c964ddf5cfdbd/sniffio-1.3.1.tar.gz", hash = "sha256:f4324edc670a0f49750a81b895f35c3adb843cca46f0530f79fc1babb23789dc", size = 20372 }
wheels = [
    { url = "https://files.pythonhosted.org/packages/e9/44/75a9c9421471a6c4805dbf2356f7c181a29c1879239abab1ea2cc8f38b40/sniffio-1.3.1-py3-none-any.whl", hash = "sha256:2f6da418d1f1e0fddd844478f41680e794e6051915791a034ff65e5f100525a2", size = 10235 },
]

[[package]]
name = "whill"
version = "1.4.0"
source = { registry = "https://pypi.org/simple" }
dependencies = [
    { name = "pyserial" },
]
sdist = { url = "https://files.pythonhosted.org/packages/f7/60/1a3a5ba6b341f365292ce12e5b9562675bea8150478196871dfd4d8b2b99/whill-1.4.0.tar.gz", hash = "sha256:d1f48c16225887c66a484356bfef0ea20aaf0cada77a59af97fa7d32b84f02b8", size = 9054 }
wheels = [
    { url = "https://files.pythonhosted.org/packages/dc/e0/7fa782565887abe9169535ce41269ae39d017fea8f23a50018650bdfbcaf/whill-1.4.0-py3-none-any.whl", hash = "sha256:e33bbddd1cbf389950697379224aa8eb225b11fbd506e3d1e50efec3afb23511", size = 8068 },
]

[[package]]
name = "whill-ctrl"
version = "0.1.0"
source = { editable = "." }
dependencies = [
    { name = "asyncclick" },
    { name = "python-osc" },
    { name = "whill" },
]

[package.dev-dependencies]
dev = [
    { name = "ruff" },
]

[package.metadata]
requires-dist = [
    { name = "asyncclick", specifier = ">=8.1.8" },
    { name = "python-osc", specifier = ">=1.9.3" },
    { name = "whill", specifier = ">=1.4.0" },
]

[package.metadata.requires-dev]
dev = [{ name = "ruff", specifier = ">=0.11.1" }]
